
Microsoft Visual Studio Solution File, Format Version 12.00
# Visual Studio Version 16
VisualStudioVersion = 16.0.30804.86
MinimumVisualStudioVersion = 10.0.40219.1
Project("{FAE04EC0-301F-11D3-BF4B-00C04F79EFBC}") = "WebApplicationWithVs2019", "WebApplicationWithVs2019\WebApplicationWithVs2019.csproj", "{0B43A490-ABE9-4BFC-948A-EF221A14A184}"
EndProject
Global
	GlobalSection(SolutionConfigurationPlatforms) = preSolution
		Debug|Any CPU = Debug|Any CPU
		Release|Any CPU = Release|Any CPU
	EndGlobalSection
	GlobalSection(ProjectConfigurationPlatforms) = postSolution
		{0B43A490-ABE9-4BFC-948A-EF221A14A184}.Debug|Any CPU.ActiveCfg = Debug|Any CPU
		{0B43A490-ABE9-4BFC-948A-EF221A14A184}.Debug|Any CPU.Build.0 = Debug|Any CPU
		{0B43A490-ABE9-4BFC-948A-EF221A14A184}.Release|Any CPU.ActiveCfg = Release|Any CPU
		{0B43A490-ABE9-4BFC-948A-EF221A14A184}.Release|Any CPU.Build.0 = Release|Any CPU
	EndGlobalSection
	GlobalSection(SolutionProperties) = preSolution
		HideSolutionNode = FALSE
	EndGlobalSection
	GlobalSection(ExtensibilityGlobals) = postSolution
		SolutionGuid = {6B83B002-6787-4B3D-8185-132172D46EEE}
	EndGlobalSection
EndGlobal
